
Microsoft Visual Studio Solution File, Format Version 12.00
# Visual Studio Version 17
VisualStudioVersion = 17.14.36127.28
MinimumVisualStudioVersion = 10.0.40219.1
Project("{2150E333-8FDC-42A3-9474-1A3956D46DE8}") = "src", "src", "{02EA681E-C7D8-13C7-8484-4AC65E1B71E8}"
EndProject
Project("{2150E333-8FDC-42A3-9474-1A3956D46DE8}") = "tests", "tests", "{D436E938-E5F1-48CB-91AC-049996B374FE}"
EndProject
Project("{2150E333-8FDC-42A3-9474-1A3956D46DE8}") = "Solution Items", "Solution Items", "{0F1F65FE-DE5C-49F2-9F0B-0A3C3061364D}"
	ProjectSection(SolutionItems) = preProject
		.editorconfig = .editorconfig
		Directory.Build.props = Directory.Build.props
		Directory.Packages.props = Directory.Packages.props
		README.md = README.md
	EndProjectSection
EndProject
Project("{FAE04EC0-301F-11D3-BF4B-00C04F79EFBC}") = "Rentalfy.Domain", "src\Rentalfy.Domain\Rentalfy.Domain.csproj", "{A72ED3E2-57C5-47F4-9CE6-0BA6B2E835B2}"
EndProject
Project("{FAE04EC0-301F-11D3-BF4B-00C04F79EFBC}") = "Rentalfy.Domain.UnitTests", "tests\Rentalfy.Domain.UnitTests\Rentalfy.Domain.UnitTests.csproj", "{8504F0D7-8145-47C4-BD90-FBEA88FF63FE}"
EndProject
Global
	GlobalSection(SolutionConfigurationPlatforms) = preSolution
		Debug|Any CPU = Debug|Any CPU
		Release|Any CPU = Release|Any CPU
	EndGlobalSection
	GlobalSection(ProjectConfigurationPlatforms) = postSolution
		{A72ED3E2-57C5-47F4-9CE6-0BA6B2E835B2}.Debug|Any CPU.ActiveCfg = Debug|Any CPU
		{A72ED3E2-57C5-47F4-9CE6-0BA6B2E835B2}.Debug|Any CPU.Build.0 = Debug|Any CPU
		{A72ED3E2-57C5-47F4-9CE6-0BA6B2E835B2}.Release|Any CPU.ActiveCfg = Release|Any CPU
		{A72ED3E2-57C5-47F4-9CE6-0BA6B2E835B2}.Release|Any CPU.Build.0 = Release|Any CPU
		{8504F0D7-8145-47C4-BD90-FBEA88FF63FE}.Debug|Any CPU.ActiveCfg = Debug|Any CPU
		{8504F0D7-8145-47C4-BD90-FBEA88FF63FE}.Debug|Any CPU.Build.0 = Debug|Any CPU
		{8504F0D7-8145-47C4-BD90-FBEA88FF63FE}.Release|Any CPU.ActiveCfg = Release|Any CPU
		{8504F0D7-8145-47C4-BD90-FBEA88FF63FE}.Release|Any CPU.Build.0 = Release|Any CPU
	EndGlobalSection
	GlobalSection(SolutionProperties) = preSolution
		HideSolutionNode = FALSE
	EndGlobalSection
	GlobalSection(NestedProjects) = preSolution
		{A72ED3E2-57C5-47F4-9CE6-0BA6B2E835B2} = {02EA681E-C7D8-13C7-8484-4AC65E1B71E8}
		{8504F0D7-8145-47C4-BD90-FBEA88FF63FE} = {D436E938-E5F1-48CB-91AC-049996B374FE}
	EndGlobalSection
	GlobalSection(ExtensibilityGlobals) = postSolution
		SolutionGuid = {C70C44D2-A7DF-4134-9672-E2246F9A5E2E}
	EndGlobalSection
EndGlobal
